
Microsoft Visual Studio Solution File, Format Version 12.00
# Visual Studio Version 16
VisualStudioVersion = 16.0.30717.126
MinimumVisualStudioVersion = 10.0.40219.1
Project("{FAE04EC0-301F-11D3-BF4B-00C04F79EFBC}") = "CheckEvenNumber", "CheckEvenNumber\CheckEvenNumber.csproj", "{8BE566C1-2C83-47E2-8559-F601F5D40039}"
EndProject
Global
	GlobalSection(SolutionConfigurationPlatforms) = preSolution
		Debug|Any CPU = Debug|Any CPU
		Release|Any CPU = Release|Any CPU
	EndGlobalSection
	GlobalSection(ProjectConfigurationPlatforms) = postSolution
		{8BE566C1-2C83-47E2-8559-F601F5D40039}.Debug|Any CPU.ActiveCfg = Debug|Any CPU
		{8BE566C1-2C83-47E2-8559-F601F5D40039}.Debug|Any CPU.Build.0 = Debug|Any CPU
		{8BE566C1-2C83-47E2-8559-F601F5D40039}.Release|Any CPU.ActiveCfg = Release|Any CPU
		{8BE566C1-2C83-47E2-8559-F601F5D40039}.Release|Any CPU.Build.0 = Release|Any CPU
	EndGlobalSection
	GlobalSection(SolutionProperties) = preSolution
		HideSolutionNode = FALSE
	EndGlobalSection
	GlobalSection(ExtensibilityGlobals) = postSolution
		SolutionGuid = {8A35BDB5-4B7F-4383-9FB0-5118E16941C8}
	EndGlobalSection
EndGlobal
